
Microsoft Visual Studio Solution File, Format Version 12.00
# Visual Studio Version 16
VisualStudioVersion = 16.0.30011.22
MinimumVisualStudioVersion = 10.0.40219.1
Project("{FAE04EC0-301F-11D3-BF4B-00C04F79EFBC}") = "Polling.Domain", "Polling\Polling.Domain.csproj", "{D611B2EE-81DE-4456-91EB-B06660AFC85C}"
EndProject
Project("{FAE04EC0-301F-11D3-BF4B-00C04F79EFBC}") = "Polling.Application", "Polling.Application\Polling.Application.csproj", "{8E8C5050-A6FF-4A72-8249-EB2933CDB946}"
EndProject
Project("{FAE04EC0-301F-11D3-BF4B-00C04F79EFBC}") = "Polling.Infrastructure", "Polling.Infrastructure\Polling.Infrastructure.csproj", "{9B878B6D-57D4-4226-9C1D-959C5CF57A04}"
EndProject
Project("{9A19103F-16F7-4668-BE54-9A1E7A4F7556}") = "Polling.Test", "Polling.Test\Polling.Test.csproj", "{4301689D-91BA-43BE-98C2-2B39276B0DD7}"
EndProject
Project("{2150E333-8FDC-42A3-9474-1A3956D46DE8}") = "src", "src", "{AFBCC44A-1949-4C06-846E-0CBDA7A4375D}"
EndProject
Project("{2150E333-8FDC-42A3-9474-1A3956D46DE8}") = "tests", "tests", "{57841156-FC02-455B-989A-87C78267B075}"
EndProject
Project("{2150E333-8FDC-42A3-9474-1A3956D46DE8}") = "Application", "Application", "{2DFAB317-037A-47B8-82E7-F6EF5CC014BD}"
EndProject
Project("{2150E333-8FDC-42A3-9474-1A3956D46DE8}") = "Domain", "Domain", "{4A4F7167-6649-4779-9601-C7121CDC6C01}"
EndProject
Project("{2150E333-8FDC-42A3-9474-1A3956D46DE8}") = "Infrastructure", "Infrastructure", "{02CA327C-E14F-4719-8BF5-E650D51AF5EF}"
EndProject
Project("{2150E333-8FDC-42A3-9474-1A3956D46DE8}") = "WebAPI", "WebAPI", "{9C867EA7-82DE-46C5-A798-F61AC5E42AD5}"
EndProject
Project("{9A19103F-16F7-4668-BE54-9A1E7A4F7556}") = "Polling.API", "Polling.API\Polling.API.csproj", "{50C6427A-05EB-4C47-AFC9-E485E2906C3E}"
EndProject
Global
	GlobalSection(SolutionConfigurationPlatforms) = preSolution
		Debug|Any CPU = Debug|Any CPU
		Release|Any CPU = Release|Any CPU
	EndGlobalSection
	GlobalSection(ProjectConfigurationPlatforms) = postSolution
		{D611B2EE-81DE-4456-91EB-B06660AFC85C}.Debug|Any CPU.ActiveCfg = Debug|Any CPU
		{D611B2EE-81DE-4456-91EB-B06660AFC85C}.Debug|Any CPU.Build.0 = Debug|Any CPU
		{D611B2EE-81DE-4456-91EB-B06660AFC85C}.Release|Any CPU.ActiveCfg = Release|Any CPU
		{D611B2EE-81DE-4456-91EB-B06660AFC85C}.Release|Any CPU.Build.0 = Release|Any CPU
		{8E8C5050-A6FF-4A72-8249-EB2933CDB946}.Debug|Any CPU.ActiveCfg = Debug|Any CPU
		{8E8C5050-A6FF-4A72-8249-EB2933CDB946}.Debug|Any CPU.Build.0 = Debug|Any CPU
		{8E8C5050-A6FF-4A72-8249-EB2933CDB946}.Release|Any CPU.ActiveCfg = Release|Any CPU
		{8E8C5050-A6FF-4A72-8249-EB2933CDB946}.Release|Any CPU.Build.0 = Release|Any CPU
		{9B878B6D-57D4-4226-9C1D-959C5CF57A04}.Debug|Any CPU.ActiveCfg = Debug|Any CPU
		{9B878B6D-57D4-4226-9C1D-959C5CF57A04}.Debug|Any CPU.Build.0 = Debug|Any CPU
		{9B878B6D-57D4-4226-9C1D-959C5CF57A04}.Release|Any CPU.ActiveCfg = Release|Any CPU
		{9B878B6D-57D4-4226-9C1D-959C5CF57A04}.Release|Any CPU.Build.0 = Release|Any CPU
		{4301689D-91BA-43BE-98C2-2B39276B0DD7}.Debug|Any CPU.ActiveCfg = Debug|Any CPU
		{4301689D-91BA-43BE-98C2-2B39276B0DD7}.Debug|Any CPU.Build.0 = Debug|Any CPU
		{4301689D-91BA-43BE-98C2-2B39276B0DD7}.Release|Any CPU.ActiveCfg = Release|Any CPU
		{4301689D-91BA-43BE-98C2-2B39276B0DD7}.Release|Any CPU.Build.0 = Release|Any CPU
		{50C6427A-05EB-4C47-AFC9-E485E2906C3E}.Debug|Any CPU.ActiveCfg = Debug|Any CPU
		{50C6427A-05EB-4C47-AFC9-E485E2906C3E}.Debug|Any CPU.Build.0 = Debug|Any CPU
		{50C6427A-05EB-4C47-AFC9-E485E2906C3E}.Release|Any CPU.ActiveCfg = Release|Any CPU
		{50C6427A-05EB-4C47-AFC9-E485E2906C3E}.Release|Any CPU.Build.0 = Release|Any CPU
	EndGlobalSection
	GlobalSection(SolutionProperties) = preSolution
		HideSolutionNode = FALSE
	EndGlobalSection
	GlobalSection(NestedProjects) = preSolution
		{D611B2EE-81DE-4456-91EB-B06660AFC85C} = {4A4F7167-6649-4779-9601-C7121CDC6C01}
		{8E8C5050-A6FF-4A72-8249-EB2933CDB946} = {2DFAB317-037A-47B8-82E7-F6EF5CC014BD}
		{9B878B6D-57D4-4226-9C1D-959C5CF57A04} = {02CA327C-E14F-4719-8BF5-E650D51AF5EF}
		{4301689D-91BA-43BE-98C2-2B39276B0DD7} = {57841156-FC02-455B-989A-87C78267B075}
		{2DFAB317-037A-47B8-82E7-F6EF5CC014BD} = {AFBCC44A-1949-4C06-846E-0CBDA7A4375D}
		{4A4F7167-6649-4779-9601-C7121CDC6C01} = {AFBCC44A-1949-4C06-846E-0CBDA7A4375D}
		{02CA327C-E14F-4719-8BF5-E650D51AF5EF} = {AFBCC44A-1949-4C06-846E-0CBDA7A4375D}
		{9C867EA7-82DE-46C5-A798-F61AC5E42AD5} = {AFBCC44A-1949-4C06-846E-0CBDA7A4375D}
		{50C6427A-05EB-4C47-AFC9-E485E2906C3E} = {9C867EA7-82DE-46C5-A798-F61AC5E42AD5}
	EndGlobalSection
	GlobalSection(ExtensibilityGlobals) = postSolution
		SolutionGuid = {28AEFDF7-C396-4F52-8182-D691D75910E2}
	EndGlobalSection
EndGlobal
